
Microsoft Visual Studio Solution File, Format Version 12.00
# Visual Studio Version 17
VisualStudioVersion = 17.7.34031.279
MinimumVisualStudioVersion = 10.0.40219.1
Project("{9A19103F-16F7-4668-BE54-9A1E7A4F7556}") = "DAL", "DAL\DAL.csproj", "{A1CCFECA-568B-4A0D-A7DB-2D07F358C264}"
EndProject
Project("{9A19103F-16F7-4668-BE54-9A1E7A4F7556}") = "Entities", "Entities\Entities.csproj", "{99A746A8-4510-4C03-80B0-7D38D66DF8F6}"
EndProject
Project("{9A19103F-16F7-4668-BE54-9A1E7A4F7556}") = "LandCasterApi", "LandCasterApi\LandCasterApi.csproj", "{893F296D-6B8A-4085-9B99-14903B23371B}"
EndProject
Project("{9A19103F-16F7-4668-BE54-9A1E7A4F7556}") = "BLL", "BLL\BLL.csproj", "{9028E3F7-D91C-4830-99E1-EA899637156F}"
EndProject
Global
	GlobalSection(SolutionConfigurationPlatforms) = preSolution
		Debug|Any CPU = Debug|Any CPU
		Release|Any CPU = Release|Any CPU
	EndGlobalSection
	GlobalSection(ProjectConfigurationPlatforms) = postSolution
		{A1CCFECA-568B-4A0D-A7DB-2D07F358C264}.Debug|Any CPU.ActiveCfg = Debug|Any CPU
		{A1CCFECA-568B-4A0D-A7DB-2D07F358C264}.Debug|Any CPU.Build.0 = Debug|Any CPU
		{A1CCFECA-568B-4A0D-A7DB-2D07F358C264}.Release|Any CPU.ActiveCfg = Release|Any CPU
		{A1CCFECA-568B-4A0D-A7DB-2D07F358C264}.Release|Any CPU.Build.0 = Release|Any CPU
		{99A746A8-4510-4C03-80B0-7D38D66DF8F6}.Debug|Any CPU.ActiveCfg = Debug|Any CPU
		{99A746A8-4510-4C03-80B0-7D38D66DF8F6}.Debug|Any CPU.Build.0 = Debug|Any CPU
		{99A746A8-4510-4C03-80B0-7D38D66DF8F6}.Release|Any CPU.ActiveCfg = Release|Any CPU
		{99A746A8-4510-4C03-80B0-7D38D66DF8F6}.Release|Any CPU.Build.0 = Release|Any CPU
		{893F296D-6B8A-4085-9B99-14903B23371B}.Debug|Any CPU.ActiveCfg = Debug|Any CPU
		{893F296D-6B8A-4085-9B99-14903B23371B}.Debug|Any CPU.Build.0 = Debug|Any CPU
		{893F296D-6B8A-4085-9B99-14903B23371B}.Release|Any CPU.ActiveCfg = Release|Any CPU
		{893F296D-6B8A-4085-9B99-14903B23371B}.Release|Any CPU.Build.0 = Release|Any CPU
		{9028E3F7-D91C-4830-99E1-EA899637156F}.Debug|Any CPU.ActiveCfg = Debug|Any CPU
		{9028E3F7-D91C-4830-99E1-EA899637156F}.Debug|Any CPU.Build.0 = Debug|Any CPU
		{9028E3F7-D91C-4830-99E1-EA899637156F}.Release|Any CPU.ActiveCfg = Release|Any CPU
		{9028E3F7-D91C-4830-99E1-EA899637156F}.Release|Any CPU.Build.0 = Release|Any CPU
	EndGlobalSection
	GlobalSection(SolutionProperties) = preSolution
		HideSolutionNode = FALSE
	EndGlobalSection
	GlobalSection(ExtensibilityGlobals) = postSolution
		SolutionGuid = {6B0E6905-A402-4508-8B4D-380FABE61116}
	EndGlobalSection
EndGlobal
